
Microsoft Visual Studio Solution File, Format Version 12.00
# Visual Studio Version 17
VisualStudioVersion = 17.9.34728.123
MinimumVisualStudioVersion = 10.0.40219.1
Project("{FAE04EC0-301F-11D3-BF4B-00C04F79EFBC}") = "Servise2", "Servise2\Servise2.csproj", "{D954C55A-72E0-451E-BDB4-D1E0871CC082}"
EndProject
Global
	GlobalSection(SolutionConfigurationPlatforms) = preSolution
		Debug|Any CPU = Debug|Any CPU
		Release|Any CPU = Release|Any CPU
	EndGlobalSection
	GlobalSection(ProjectConfigurationPlatforms) = postSolution
		{D954C55A-72E0-451E-BDB4-D1E0871CC082}.Debug|Any CPU.ActiveCfg = Debug|Any CPU
		{D954C55A-72E0-451E-BDB4-D1E0871CC082}.Debug|Any CPU.Build.0 = Debug|Any CPU
		{D954C55A-72E0-451E-BDB4-D1E0871CC082}.Release|Any CPU.ActiveCfg = Release|Any CPU
		{D954C55A-72E0-451E-BDB4-D1E0871CC082}.Release|Any CPU.Build.0 = Release|Any CPU
	EndGlobalSection
	GlobalSection(SolutionProperties) = preSolution
		HideSolutionNode = FALSE
	EndGlobalSection
	GlobalSection(ExtensibilityGlobals) = postSolution
		SolutionGuid = {3D1D2286-9D56-4D8B-A7E5-D66EAD23184C}
	EndGlobalSection
EndGlobal
